
Microsoft Visual Studio Solution File, Format Version 12.00
# Visual Studio Version 16
VisualStudioVersion = 16.0.32002.261
MinimumVisualStudioVersion = 10.0.40219.1
Project("{9A19103F-16F7-4668-BE54-9A1E7A4F7556}") = "SistemaCadastro", "SistemaCadastro\SistemaCadastro.csproj", "{D9632643-7929-4BF8-B8E4-89EC5E5959B8}"
EndProject
Global
	GlobalSection(SolutionConfigurationPlatforms) = preSolution
		Debug|Any CPU = Debug|Any CPU
		Release|Any CPU = Release|Any CPU
	EndGlobalSection
	GlobalSection(ProjectConfigurationPlatforms) = postSolution
		{D9632643-7929-4BF8-B8E4-89EC5E5959B8}.Debug|Any CPU.ActiveCfg = Debug|Any CPU
		{D9632643-7929-4BF8-B8E4-89EC5E5959B8}.Debug|Any CPU.Build.0 = Debug|Any CPU
		{D9632643-7929-4BF8-B8E4-89EC5E5959B8}.Release|Any CPU.ActiveCfg = Release|Any CPU
		{D9632643-7929-4BF8-B8E4-89EC5E5959B8}.Release|Any CPU.Build.0 = Release|Any CPU
	EndGlobalSection
	GlobalSection(SolutionProperties) = preSolution
		HideSolutionNode = FALSE
	EndGlobalSection
	GlobalSection(ExtensibilityGlobals) = postSolution
		SolutionGuid = {6E2578B4-5F42-4054-B00E-29D05F7EB1EC}
	EndGlobalSection
EndGlobal
